
Microsoft Visual Studio Solution File, Format Version 12.00
# Visual Studio Version 17
VisualStudioVersion = 17.0.31903.59
MinimumVisualStudioVersion = 10.0.40219.1
Project("{FAE04EC0-301F-11D3-BF4B-00C04F79EFBC}") = "EMS.Domain", "EMS.Domain\EMS.Domain.csproj", "{7835F798-0540-4489-B80C-EF0AFDA5B42E}"
EndProject
Project("{FAE04EC0-301F-11D3-BF4B-00C04F79EFBC}") = "EMS.Application", "EMS.Application\EMS.Application.csproj", "{DFCA1A1C-75F0-42A7-9973-110293D7087D}"
EndProject
Project("{FAE04EC0-301F-11D3-BF4B-00C04F79EFBC}") = "EMS.Infrastructure", "EMS.Infrastructure\EMS.Infrastructure.csproj", "{7DAAC13D-2C49-4261-9EAE-E38C2E48D91E}"
EndProject
Project("{FAE04EC0-301F-11D3-BF4B-00C04F79EFBC}") = "EMS.Web", "EMS.Web\EMS.Web.csproj", "{D01B8002-93D9-4EDC-A455-D3DA8CAFDB8A}"
EndProject
Global
	GlobalSection(SolutionConfigurationPlatforms) = preSolution
		Debug|Any CPU = Debug|Any CPU
		Debug|x64 = Debug|x64
		Debug|x86 = Debug|x86
		Release|Any CPU = Release|Any CPU
		Release|x64 = Release|x64
		Release|x86 = Release|x86
	EndGlobalSection
	GlobalSection(ProjectConfigurationPlatforms) = postSolution
		{7835F798-0540-4489-B80C-EF0AFDA5B42E}.Debug|Any CPU.ActiveCfg = Debug|Any CPU
		{7835F798-0540-4489-B80C-EF0AFDA5B42E}.Debug|Any CPU.Build.0 = Debug|Any CPU
		{7835F798-0540-4489-B80C-EF0AFDA5B42E}.Debug|x64.ActiveCfg = Debug|Any CPU
		{7835F798-0540-4489-B80C-EF0AFDA5B42E}.Debug|x64.Build.0 = Debug|Any CPU
		{7835F798-0540-4489-B80C-EF0AFDA5B42E}.Debug|x86.ActiveCfg = Debug|Any CPU
		{7835F798-0540-4489-B80C-EF0AFDA5B42E}.Debug|x86.Build.0 = Debug|Any CPU
		{7835F798-0540-4489-B80C-EF0AFDA5B42E}.Release|Any CPU.ActiveCfg = Release|Any CPU
		{7835F798-0540-4489-B80C-EF0AFDA5B42E}.Release|Any CPU.Build.0 = Release|Any CPU
		{7835F798-0540-4489-B80C-EF0AFDA5B42E}.Release|x64.ActiveCfg = Release|Any CPU
		{7835F798-0540-4489-B80C-EF0AFDA5B42E}.Release|x64.Build.0 = Release|Any CPU
		{7835F798-0540-4489-B80C-EF0AFDA5B42E}.Release|x86.ActiveCfg = Release|Any CPU
		{7835F798-0540-4489-B80C-EF0AFDA5B42E}.Release|x86.Build.0 = Release|Any CPU
		{DFCA1A1C-75F0-42A7-9973-110293D7087D}.Debug|Any CPU.ActiveCfg = Debug|Any CPU
		{DFCA1A1C-75F0-42A7-9973-110293D7087D}.Debug|Any CPU.Build.0 = Debug|Any CPU
		{DFCA1A1C-75F0-42A7-9973-110293D7087D}.Debug|x64.ActiveCfg = Debug|Any CPU
		{DFCA1A1C-75F0-42A7-9973-110293D7087D}.Debug|x64.Build.0 = Debug|Any CPU
		{DFCA1A1C-75F0-42A7-9973-110293D7087D}.Debug|x86.ActiveCfg = Debug|Any CPU
		{DFCA1A1C-75F0-42A7-9973-110293D7087D}.Debug|x86.Build.0 = Debug|Any CPU
		{DFCA1A1C-75F0-42A7-9973-110293D7087D}.Release|Any CPU.ActiveCfg = Release|Any CPU
		{DFCA1A1C-75F0-42A7-9973-110293D7087D}.Release|Any CPU.Build.0 = Release|Any CPU
		{DFCA1A1C-75F0-42A7-9973-110293D7087D}.Release|x64.ActiveCfg = Release|Any CPU
		{DFCA1A1C-75F0-42A7-9973-110293D7087D}.Release|x64.Build.0 = Release|Any CPU
		{DFCA1A1C-75F0-42A7-9973-110293D7087D}.Release|x86.ActiveCfg = Release|Any CPU
		{DFCA1A1C-75F0-42A7-9973-110293D7087D}.Release|x86.Build.0 = Release|Any CPU
		{7DAAC13D-2C49-4261-9EAE-E38C2E48D91E}.Debug|Any CPU.ActiveCfg = Debug|Any CPU
		{7DAAC13D-2C49-4261-9EAE-E38C2E48D91E}.Debug|Any CPU.Build.0 = Debug|Any CPU
		{7DAAC13D-2C49-4261-9EAE-E38C2E48D91E}.Debug|x64.ActiveCfg = Debug|Any CPU
		{7DAAC13D-2C49-4261-9EAE-E38C2E48D91E}.Debug|x64.Build.0 = Debug|Any CPU
		{7DAAC13D-2C49-4261-9EAE-E38C2E48D91E}.Debug|x86.ActiveCfg = Debug|Any CPU
		{7DAAC13D-2C49-4261-9EAE-E38C2E48D91E}.Debug|x86.Build.0 = Debug|Any CPU
		{7DAAC13D-2C49-4261-9EAE-E38C2E48D91E}.Release|Any CPU.ActiveCfg = Release|Any CPU
		{7DAAC13D-2C49-4261-9EAE-E38C2E48D91E}.Release|Any CPU.Build.0 = Release|Any CPU
		{7DAAC13D-2C49-4261-9EAE-E38C2E48D91E}.Release|x64.ActiveCfg = Release|Any CPU
		{7DAAC13D-2C49-4261-9EAE-E38C2E48D91E}.Release|x64.Build.0 = Release|Any CPU
		{7DAAC13D-2C49-4261-9EAE-E38C2E48D91E}.Release|x86.ActiveCfg = Release|Any CPU
		{7DAAC13D-2C49-4261-9EAE-E38C2E48D91E}.Release|x86.Build.0 = Release|Any CPU
		{D01B8002-93D9-4EDC-A455-D3DA8CAFDB8A}.Debug|Any CPU.ActiveCfg = Debug|Any CPU
		{D01B8002-93D9-4EDC-A455-D3DA8CAFDB8A}.Debug|Any CPU.Build.0 = Debug|Any CPU
		{D01B8002-93D9-4EDC-A455-D3DA8CAFDB8A}.Debug|x64.ActiveCfg = Debug|Any CPU
		{D01B8002-93D9-4EDC-A455-D3DA8CAFDB8A}.Debug|x64.Build.0 = Debug|Any CPU
		{D01B8002-93D9-4EDC-A455-D3DA8CAFDB8A}.Debug|x86.ActiveCfg = Debug|Any CPU
		{D01B8002-93D9-4EDC-A455-D3DA8CAFDB8A}.Debug|x86.Build.0 = Debug|Any CPU
		{D01B8002-93D9-4EDC-A455-D3DA8CAFDB8A}.Release|Any CPU.ActiveCfg = Release|Any CPU
		{D01B8002-93D9-4EDC-A455-D3DA8CAFDB8A}.Release|Any CPU.Build.0 = Release|Any CPU
		{D01B8002-93D9-4EDC-A455-D3DA8CAFDB8A}.Release|x64.ActiveCfg = Release|Any CPU
		{D01B8002-93D9-4EDC-A455-D3DA8CAFDB8A}.Release|x64.Build.0 = Release|Any CPU
		{D01B8002-93D9-4EDC-A455-D3DA8CAFDB8A}.Release|x86.ActiveCfg = Release|Any CPU
		{D01B8002-93D9-4EDC-A455-D3DA8CAFDB8A}.Release|x86.Build.0 = Release|Any CPU
	EndGlobalSection
	GlobalSection(SolutionProperties) = preSolution
		HideSolutionNode = FALSE
	EndGlobalSection
EndGlobal
